
Microsoft Visual Studio Solution File, Format Version 12.00
# Visual Studio Version 17
VisualStudioVersion = 17.8.34511.84
MinimumVisualStudioVersion = 10.0.40219.1
Project("{9A19103F-16F7-4668-BE54-9A1E7A4F7556}") = "fare-calcuation.app", "fare-calcuation.app.csproj", "{057070D2-6BB3-417D-9445-A345E9D341EC}"
EndProject
Project("{9A19103F-16F7-4668-BE54-9A1E7A4F7556}") = "fare-calculation.tests", "..\fare-calculation.tests\fare-calculation.tests.csproj", "{2BD915B3-D3C6-4A99-A084-28E8629A7B90}"
EndProject
Global
	GlobalSection(SolutionConfigurationPlatforms) = preSolution
		Debug|Any CPU = Debug|Any CPU
		Release|Any CPU = Release|Any CPU
	EndGlobalSection
	GlobalSection(ProjectConfigurationPlatforms) = postSolution
		{057070D2-6BB3-417D-9445-A345E9D341EC}.Debug|Any CPU.ActiveCfg = Debug|Any CPU
		{057070D2-6BB3-417D-9445-A345E9D341EC}.Debug|Any CPU.Build.0 = Debug|Any CPU
		{057070D2-6BB3-417D-9445-A345E9D341EC}.Release|Any CPU.ActiveCfg = Release|Any CPU
		{057070D2-6BB3-417D-9445-A345E9D341EC}.Release|Any CPU.Build.0 = Release|Any CPU
		{2BD915B3-D3C6-4A99-A084-28E8629A7B90}.Debug|Any CPU.ActiveCfg = Debug|Any CPU
		{2BD915B3-D3C6-4A99-A084-28E8629A7B90}.Debug|Any CPU.Build.0 = Debug|Any CPU
		{2BD915B3-D3C6-4A99-A084-28E8629A7B90}.Release|Any CPU.ActiveCfg = Release|Any CPU
		{2BD915B3-D3C6-4A99-A084-28E8629A7B90}.Release|Any CPU.Build.0 = Release|Any CPU
	EndGlobalSection
	GlobalSection(SolutionProperties) = preSolution
		HideSolutionNode = FALSE
	EndGlobalSection
	GlobalSection(ExtensibilityGlobals) = postSolution
		SolutionGuid = {F1DF6EF6-764B-4554-B1F7-560D69BBE5F2}
	EndGlobalSection
EndGlobal
